<?xml version="1.0" encoding="utf-8"?>
<Project ToolsVersion="4.0" xmlns="http://schemas.microsoft.com/developer/msbuild/2003">
  <ItemGroup>
    <Filter Include="Source Files">
      <UniqueIdentifier>{4FC737F1-C7A5-4376-A066-2A32D752A2FF}</UniqueIdentifier>
      <Extensions>cpp;c;cc;cxx;c++;cppm;ixx;def;odl;idl;hpj;bat;asm;asmx</Extensions>
    </Filter>
    <Filter Include="Header Files">
      <UniqueIdentifier>{93995380-89BD-4b04-88EB-625FBE52EBFB}</UniqueIdentifier>
      <Extensions>h;hh;hpp;hxx;h++;hm;inl;inc;ipp;xsd</Extensions>
    </Filter>
    <Filter Include="Resource Files">
      <UniqueIdentifier>{67DA6AB6-F800-4c08-8B7A-83BB121AAD01}</UniqueIdentifier>
      <Extensions>rc;ico;cur;bmp;dlg;rc2;rct;bin;rgs;gif;jpg;jpeg;jpe;resx;tiff;tif;png;wav;mfcribbon-ms</Extensions>
    </Filter>
    <Filter Include="files">
      <UniqueIdentifier>{f8f905c8-8fc4-44b7-a3b4-3f029828786d}</UniqueIdentifier>
    </Filter>
    <Filter Include="files\.github">
      <UniqueIdentifier>{c777c304-b4de-464e-bb98-d823bbbfe530}</UniqueIdentifier>
    </Filter>
    <Filter Include="files\.github\workflows">
      <UniqueIdentifier>{7c7d1bc0-984b-4cab-bdb8-fbc3fb3f1465}</UniqueIdentifier>
    </Filter>
    <Filter Include="files\prj">
      <UniqueIdentifier>{70266321-bcc6-43aa-ab4c-db72f5fb4204}</UniqueIdentifier>
    </Filter>
    <Filter Include="files\prj\common">
      <UniqueIdentifier>{b943d6d5-4d69-417c-aacc-2d5492016d0e}</UniqueIdentifier>
    </Filter>
    <Filter Include="files\prj\common\common_mkfl">
      <UniqueIdentifier>{f2772842-7dd2-4b49-90dc-fadbf1737917}</UniqueIdentifier>
    </Filter>
    <Filter Include="files\scripts">
      <UniqueIdentifier>{8babd6d7-c04f-4cb2-afac-8293ac08fc80}</UniqueIdentifier>
    </Filter>
    <Filter Include="files\scripts\.cicd">
      <UniqueIdentifier>{55d4f11b-52d8-4e12-867e-91c542a1e7b2}</UniqueIdentifier>
    </Filter>
    <Filter Include="files\scripts\.raw">
      <UniqueIdentifier>{5fa453c2-bd33-4370-8d89-51035cc9430f}</UniqueIdentifier>
    </Filter>
    <Filter Include="files\docs">
      <UniqueIdentifier>{9fa14a18-b921-481a-a53f-3bbe146fe9ab}</UniqueIdentifier>
    </Filter>
  </ItemGroup>
  <ItemGroup>
    <None Include="..\..\.github\workflows\test_pull_to_master.yml">
      <Filter>files\.github\workflows</Filter>
    </None>
    <None Include="..\..\prj\common\common_mkfl\unix.common.Makefile">
      <Filter>files\prj\common\common_mkfl</Filter>
    </None>
    <None Include="..\..\prj\common\common_mkfl\unix.common.tmp.Makefile">
      <Filter>files\prj\common\common_mkfl</Filter>
    </None>
    <None Include="..\..\prj\common\common_mkfl\windows.common.Makefile">
      <Filter>files\prj\common\common_mkfl</Filter>
    </None>
    <None Include="..\..\scripts\unix_per_session.sh">
      <Filter>files\scripts</Filter>
    </None>
    <None Include="..\..\scripts\.cicd\unix_prebuild.sh">
      <Filter>files\scripts\.cicd</Filter>
    </None>
    <None Include="..\..\scripts\.cicd\unix_test_pull_to_master_build.sh">
      <Filter>files\scripts\.cicd</Filter>
    </None>
    <None Include="..\..\scripts\.cicd\unix_test_pull_to_master_unittest.sh">
      <Filter>files\scripts\.cicd</Filter>
    </None>
    <None Include="..\..\scripts\.cicd\windows_prebuild.bat">
      <Filter>files\scripts\.cicd</Filter>
    </None>
    <None Include="..\..\scripts\.cicd\windows_test_pull_to_master_build.bat">
      <Filter>files\scripts\.cicd</Filter>
    </None>
    <None Include="..\..\scripts\.cicd\windows_test_pull_to_master_unittest.bat">
      <Filter>files\scripts\.cicd</Filter>
    </None>
    <None Include="..\..\scripts\.raw\_windows_print_directory_content.bat">
      <Filter>files\scripts\.raw</Filter>
    </None>
    <None Include="..\..\docs\questions.md">
      <Filter>files\docs</Filter>
    </None>
    <None Include="..\..\.gitattributes">
      <Filter>files</Filter>
    </None>
    <None Include="..\..\.gitignore">
      <Filter>files</Filter>
    </None>
    <None Include="..\..\.gitmodules">
      <Filter>files</Filter>
    </None>
    <None Include="..\..\LICENSE">
      <Filter>files</Filter>
    </None>
    <None Include="..\..\README.md">
      <Filter>files</Filter>
    </None>
  </ItemGroup>
  <ItemGroup>
    <Text Include="..\..\CMakeLists.txt">
      <Filter>files</Filter>
    </Text>
  </ItemGroup>
</Project>